
Microsoft Visual Studio Solution File, Format Version 12.00
# Visual Studio Version 17
VisualStudioVersion = 17.4.33103.184
MinimumVisualStudioVersion = 10.0.40219.1
Project("{9A19103F-16F7-4668-BE54-9A1E7A4F7556}") = "PlateRecognizer", "PlateRecognizer.csproj", "{4F658BFE-A762-455C-AA7F-5D56C97F8134}"
EndProject
Project("{2150E333-8FDC-42A3-9474-1A3956D46DE8}") = "Solution Items", "Solution Items", "{5AB857FD-FF38-433F-AE48-7F336F974CD2}"
	ProjectSection(SolutionItems) = preProject
		updateLicense.txt = updateLicense.txt
	EndProjectSection
EndProject
Global
	GlobalSection(SolutionConfigurationPlatforms) = preSolution
		Debug|Any CPU = Debug|Any CPU
		Release|Any CPU = Release|Any CPU
	EndGlobalSection
	GlobalSection(ProjectConfigurationPlatforms) = postSolution
		{4F658BFE-A762-455C-AA7F-5D56C97F8134}.Debug|Any CPU.ActiveCfg = Debug|Any CPU
		{4F658BFE-A762-455C-AA7F-5D56C97F8134}.Debug|Any CPU.Build.0 = Debug|Any CPU
		{4F658BFE-A762-455C-AA7F-5D56C97F8134}.Release|Any CPU.ActiveCfg = Release|Any CPU
		{4F658BFE-A762-455C-AA7F-5D56C97F8134}.Release|Any CPU.Build.0 = Release|Any CPU
	EndGlobalSection
	GlobalSection(SolutionProperties) = preSolution
		HideSolutionNode = FALSE
	EndGlobalSection
	GlobalSection(ExtensibilityGlobals) = postSolution
		SolutionGuid = {9606D488-E964-48AD-A369-07CA3518595A}
	EndGlobalSection
EndGlobal
